
Microsoft Visual Studio Solution File, Format Version 12.00
# Visual Studio Version 16
VisualStudioVersion = 16.0.31205.134
MinimumVisualStudioVersion = 10.0.40219.1
Project("{9A19103F-16F7-4668-BE54-9A1E7A4F7556}") = "AngularWeatherAPI", "AngularWeatherAPI\AngularWeatherAPI.csproj", "{E81A7E59-E838-4E83-AFE2-90F5E553104E}"
EndProject
Project("{FAE04EC0-301F-11D3-BF4B-00C04F79EFBC}") = "UnitTests", "UnitTests\UnitTests.csproj", "{2F42F2D4-6095-4977-BC0F-9BA1844EC363}"
EndProject
Global
	GlobalSection(SolutionConfigurationPlatforms) = preSolution
		Debug|Any CPU = Debug|Any CPU
		Release|Any CPU = Release|Any CPU
	EndGlobalSection
	GlobalSection(ProjectConfigurationPlatforms) = postSolution
		{E81A7E59-E838-4E83-AFE2-90F5E553104E}.Debug|Any CPU.ActiveCfg = Debug|Any CPU
		{E81A7E59-E838-4E83-AFE2-90F5E553104E}.Debug|Any CPU.Build.0 = Debug|Any CPU
		{E81A7E59-E838-4E83-AFE2-90F5E553104E}.Release|Any CPU.ActiveCfg = Release|Any CPU
		{E81A7E59-E838-4E83-AFE2-90F5E553104E}.Release|Any CPU.Build.0 = Release|Any CPU
		{2F42F2D4-6095-4977-BC0F-9BA1844EC363}.Debug|Any CPU.ActiveCfg = Debug|Any CPU
		{2F42F2D4-6095-4977-BC0F-9BA1844EC363}.Debug|Any CPU.Build.0 = Debug|Any CPU
		{2F42F2D4-6095-4977-BC0F-9BA1844EC363}.Release|Any CPU.ActiveCfg = Release|Any CPU
		{2F42F2D4-6095-4977-BC0F-9BA1844EC363}.Release|Any CPU.Build.0 = Release|Any CPU
	EndGlobalSection
	GlobalSection(SolutionProperties) = preSolution
		HideSolutionNode = FALSE
	EndGlobalSection
	GlobalSection(ExtensibilityGlobals) = postSolution
		SolutionGuid = {6CDE167F-31EC-45CD-B9BD-6E6EB1429CDD}
	EndGlobalSection
EndGlobal
